{
  "originHash" : "13577e76fbd0dae57300a239496e55e0c1b3d3e36adf7b6f5a6823c285a653c8",
  "pins" : [
    {
      "identity" : "activityindicatorview",
      "kind" : "remoteSourceControl",
      "location" : "https://github.com/exyte/ActivityIndicatorView.git",
      "state" : {
        "revision" : "36140867802ae4a1d2b11490bcbbefe058001d14",
        "version" : "1.2.1"
      }
    },
    {
      "identity" : "progressindicatorview",
      "kind" : "remoteSourceControl",
      "location" : "https://github.com/exyte/ProgressIndicatorView.git",
      "state" : {
        "revision" : "4bc9c200713c7a01bd7ff810c80796c0c28bf066",
        "version" : "1.1.0"
      }
    }
  ],
  "version" : 3
}
