// !$*UTF8*$!
{
	archiveVersion = 1;
	classes = {
	};
	objectVersion = 77;
	objects = {

/* Begin PBXBuildFile section */
		C5383E4A2E166F4D006087F0 /* ProgressIndicatorView in Frameworks */ = {isa = PBXBuildFile; productRef = C5383E492E166F4D006087F0 /* ProgressIndicatorView */; };
		C5383E4D2E166F5D006087F0 /* ActivityIndicatorView in Frameworks */ = {isa = PBXBuildFile; productRef = C5383E4C2E166F5D006087F0 /* ActivityIndicatorView */; };
/* End PBXBuildFile section */

/* Begin PBXContainerItemProxy section */
		85000BD02E0836EC000D312F /* PBXContainerItemProxy */ = {
			isa = PBXContainerItemProxy;
			containerPortal = 85000BB92E0836EB000D312F /* Project object */;
			proxyType = 1;
			remoteGlobalIDString = 85000BC02E0836EB000D312F;
			remoteInfo = Chameleon;
		};
		85000BDA2E0836EC000D312F /* PBXContainerItemProxy */ = {
			isa = PBXContainerItemProxy;
			containerPortal = 85000BB92E0836EB000D312F /* Project object */;
			proxyType = 1;
			remoteGlobalIDString = 85000BC02E0836EB000D312F;
			remoteInfo = Chameleon;
		};
/* End PBXContainerItemProxy section */

/* Begin PBXCopyFilesBuildPhase section */
		C5387F2B2E16EA68006087F0 /* Copy Frameworks */ = {
			isa = PBXCopyFilesBuildPhase;
			buildActionMask = 2147483647;
			dstPath = "";
			dstSubfolderSpec = 10;
			files = (
			);
			name = "Copy Frameworks";
			runOnlyForDeploymentPostprocessing = 0;
		};
/* End PBXCopyFilesBuildPhase section */

/* Begin PBXFileReference section */
		85000BC12E0836EB000D312F /* Chameleon.app */ = {isa = PBXFileReference; explicitFileType = wrapper.application; includeInIndex = 0; path = Chameleon.app; sourceTree = BUILT_PRODUCTS_DIR; };
		85000BCF2E0836EC000D312F /* ChameleonTests.xctest */ = {isa = PBXFileReference; explicitFileType = wrapper.cfbundle; includeInIndex = 0; path = ChameleonTests.xctest; sourceTree = BUILT_PRODUCTS_DIR; };
		85000BD92E0836EC000D312F /* ChameleonUITests.xctest */ = {isa = PBXFileReference; explicitFileType = wrapper.cfbundle; includeInIndex = 0; path = ChameleonUITests.xctest; sourceTree = BUILT_PRODUCTS_DIR; };
/* End PBXFileReference section */

/* Begin PBXFileSystemSynchronizedBuildFileExceptionSet section */
		85BBD6C82E171D40002F2E52 /* Exceptions for "Chameleon" folder in "Chameleon" target */ = {
			isa = PBXFileSystemSynchronizedBuildFileExceptionSet;
			membershipExceptions = (
				Frameworks/libmediainfo.0.dylib,
				Frameworks/libmediainfo.dylib,
				"Frameworks/libSDL2-2.0.0.dylib",
				Frameworks/magick/libaom.3.12.1.dylib,
				Frameworks/magick/libbrotlicommon.1.1.0.dylib,
				Frameworks/magick/libbrotlidec.1.1.0.dylib,
				Frameworks/magick/libbrotlienc.1.1.0.dylib,
				Frameworks/magick/libcairo.2.dylib,
				Frameworks/magick/libcdt.6.dylib,
				Frameworks/magick/libcgraph.7.dylib,
				Frameworks/magick/libde265.0.dylib,
				Frameworks/magick/libdeflate.0.dylib,
				Frameworks/magick/libdjvulibre.21.dylib,
				Frameworks/magick/libfontconfig.1.dylib,
				Frameworks/magick/libfreetype.6.dylib,
				Frameworks/magick/libfribidi.0.dylib,
				"Frameworks/magick/libgio-2.0.0.dylib",
				"Frameworks/magick/libglib-2.0.0.dylib",
				"Frameworks/magick/libgmodule-2.0.0.dylib",
				"Frameworks/magick/libgobject-2.0.0.dylib",
				Frameworks/magick/libgraphite2.3.2.1.dylib,
				Frameworks/magick/libgvc.7.dylib,
				Frameworks/magick/libharfbuzz.0.dylib,
				Frameworks/magick/libheif.1.19.8.dylib,
				Frameworks/magick/libhwy.1.2.0.dylib,
				"Frameworks/magick/libIex-3_3.32.3.3.3.dylib",
				"Frameworks/magick/libIlmThread-3_3.32.3.3.3.dylib",
				"Frameworks/magick/libImath-3_1.29.11.0.dylib",
				Frameworks/magick/libintl.8.dylib,
				Frameworks/magick/libjasper.7.0.0.dylib,
				Frameworks/magick/libjpeg.8.3.2.dylib,
				Frameworks/magick/libjpeg.9.dylib,
				Frameworks/magick/libjxl_cms.0.11.1.dylib,
				Frameworks/magick/libjxl_threads.0.11.1.dylib,
				Frameworks/magick/libjxl.0.11.1.dylib,
				Frameworks/magick/liblcms2.2.dylib,
				Frameworks/magick/libltdl.7.dylib,
				Frameworks/magick/liblzma.5.dylib,
				Frameworks/magick/libomp.dylib,
				"Frameworks/magick/libOpenEXR-3_3.32.3.3.3.dylib",
				"Frameworks/magick/libOpenEXRCore-3_3.32.3.3.3.dylib",
				"Frameworks/magick/libOpenEXRUtil-3_3.32.3.3.3.dylib",
				Frameworks/magick/libopenjp2.2.5.3.dylib,
				"Frameworks/magick/libpango-1.0.0.dylib",
				"Frameworks/magick/libpangocairo-1.0.0.dylib",
				"Frameworks/magick/libpangoft2-1.0.0.dylib",
				Frameworks/magick/libpathplan.4.dylib,
				"Frameworks/magick/libpcre2-8.0.dylib",
				"Frameworks/magick/libpixman-1.0.dylib",
				Frameworks/magick/libpng16.16.dylib,
				Frameworks/magick/libraqm.0.dylib,
				Frameworks/magick/libraw_r.23.dylib,
				Frameworks/magick/libsharpyuv.0.1.1.dylib,
				Frameworks/magick/libtiff.6.dylib,
				Frameworks/magick/libvmaf.3.dylib,
				Frameworks/magick/libwebp.7.1.10.dylib,
				Frameworks/magick/libwebpdemux.2.0.16.dylib,
				Frameworks/magick/libwebpmux.3.1.1.dylib,
				Frameworks/magick/libX11.6.dylib,
				Frameworks/magick/libx265.215.dylib,
				Frameworks/magick/libXau.6.dylib,
				"Frameworks/magick/libxcb-render.0.0.0.dylib",
				"Frameworks/magick/libxcb-shm.0.0.0.dylib",
				Frameworks/magick/libxcb.1.1.0.dylib,
				Frameworks/magick/libXdmcp.6.dylib,
				Frameworks/magick/libxdot.4.dylib,
				Frameworks/magick/libXext.6.dylib,
				Frameworks/magick/libXrender.1.dylib,
				Frameworks/magick/libzip.5.5.dylib,
				Frameworks/magick/libzstd.1.5.7.dylib,
			);
			target = 85000BC02E0836EB000D312F /* Chameleon */;
		};
/* End PBXFileSystemSynchronizedBuildFileExceptionSet section */

/* Begin PBXFileSystemSynchronizedGroupBuildPhaseMembershipExceptionSet section */
		85BBD6C72E171D35002F2E52 /* Exceptions for "Chameleon" folder in "Copy Frameworks" phase from "Chameleon" target */ = {
			isa = PBXFileSystemSynchronizedGroupBuildPhaseMembershipExceptionSet;
			attributesByRelativePath = {
				"Frameworks/libSDL2-2.0.0.dylib" = (CodeSignOnCopy, );
				Frameworks/libmediainfo.0.dylib = (CodeSignOnCopy, );
				Frameworks/libmediainfo.dylib = (CodeSignOnCopy, );
				"Frameworks/magick/libIex-3_3.32.3.3.3.dylib" = (CodeSignOnCopy, );
				"Frameworks/magick/libIlmThread-3_3.32.3.3.3.dylib" = (CodeSignOnCopy, );
				"Frameworks/magick/libImath-3_1.29.11.0.dylib" = (CodeSignOnCopy, );
				"Frameworks/magick/libOpenEXR-3_3.32.3.3.3.dylib" = (CodeSignOnCopy, );
				"Frameworks/magick/libOpenEXRCore-3_3.32.3.3.3.dylib" = (CodeSignOnCopy, );
				"Frameworks/magick/libOpenEXRUtil-3_3.32.3.3.3.dylib" = (CodeSignOnCopy, );
				Frameworks/magick/libX11.6.dylib = (CodeSignOnCopy, );
				Frameworks/magick/libXau.6.dylib = (CodeSignOnCopy, );
				Frameworks/magick/libXdmcp.6.dylib = (CodeSignOnCopy, );
				Frameworks/magick/libXext.6.dylib = (CodeSignOnCopy, );
				Frameworks/magick/libXrender.1.dylib = (CodeSignOnCopy, );
				Frameworks/magick/libaom.3.12.1.dylib = (CodeSignOnCopy, );
				Frameworks/magick/libbrotlicommon.1.1.0.dylib = (CodeSignOnCopy, );
				Frameworks/magick/libbrotlidec.1.1.0.dylib = (CodeSignOnCopy, );
				Frameworks/magick/libbrotlienc.1.1.0.dylib = (CodeSignOnCopy, );
				Frameworks/magick/libcairo.2.dylib = (CodeSignOnCopy, );
				Frameworks/magick/libcdt.6.dylib = (CodeSignOnCopy, );
				Frameworks/magick/libcgraph.7.dylib = (CodeSignOnCopy, );
				Frameworks/magick/libde265.0.dylib = (CodeSignOnCopy, );
				Frameworks/magick/libdeflate.0.dylib = (CodeSignOnCopy, );
				Frameworks/magick/libdjvulibre.21.dylib = (CodeSignOnCopy, );
				Frameworks/magick/libfontconfig.1.dylib = (CodeSignOnCopy, );
				Frameworks/magick/libfreetype.6.dylib = (CodeSignOnCopy, );
				Frameworks/magick/libfribidi.0.dylib = (CodeSignOnCopy, );
				"Frameworks/magick/libgio-2.0.0.dylib" = (CodeSignOnCopy, );
				"Frameworks/magick/libglib-2.0.0.dylib" = (CodeSignOnCopy, );
				"Frameworks/magick/libgmodule-2.0.0.dylib" = (CodeSignOnCopy, );
				"Frameworks/magick/libgobject-2.0.0.dylib" = (CodeSignOnCopy, );
				Frameworks/magick/libgraphite2.3.2.1.dylib = (CodeSignOnCopy, );
				Frameworks/magick/libgvc.7.dylib = (CodeSignOnCopy, );
				Frameworks/magick/libharfbuzz.0.dylib = (CodeSignOnCopy, );
				Frameworks/magick/libheif.1.19.8.dylib = (CodeSignOnCopy, );
				Frameworks/magick/libhwy.1.2.0.dylib = (CodeSignOnCopy, );
				Frameworks/magick/libintl.8.dylib = (CodeSignOnCopy, );
				Frameworks/magick/libjasper.7.0.0.dylib = (CodeSignOnCopy, );
				Frameworks/magick/libjpeg.8.3.2.dylib = (CodeSignOnCopy, );
				Frameworks/magick/libjpeg.9.dylib = (CodeSignOnCopy, );
				Frameworks/magick/libjxl.0.11.1.dylib = (CodeSignOnCopy, );
				Frameworks/magick/libjxl_cms.0.11.1.dylib = (CodeSignOnCopy, );
				Frameworks/magick/libjxl_threads.0.11.1.dylib = (CodeSignOnCopy, );
				Frameworks/magick/liblcms2.2.dylib = (CodeSignOnCopy, );
				Frameworks/magick/libltdl.7.dylib = (CodeSignOnCopy, );
				Frameworks/magick/liblzma.5.dylib = (CodeSignOnCopy, );
				Frameworks/magick/libomp.dylib = (CodeSignOnCopy, );
				Frameworks/magick/libopenjp2.2.5.3.dylib = (CodeSignOnCopy, );
				"Frameworks/magick/libpango-1.0.0.dylib" = (CodeSignOnCopy, );
				"Frameworks/magick/libpangocairo-1.0.0.dylib" = (CodeSignOnCopy, );
				"Frameworks/magick/libpangoft2-1.0.0.dylib" = (CodeSignOnCopy, );
				Frameworks/magick/libpathplan.4.dylib = (CodeSignOnCopy, );
				"Frameworks/magick/libpcre2-8.0.dylib" = (CodeSignOnCopy, );
				"Frameworks/magick/libpixman-1.0.dylib" = (CodeSignOnCopy, );
				Frameworks/magick/libpng16.16.dylib = (CodeSignOnCopy, );
				Frameworks/magick/libraqm.0.dylib = (CodeSignOnCopy, );
				Frameworks/magick/libraw_r.23.dylib = (CodeSignOnCopy, );
				Frameworks/magick/libsharpyuv.0.1.1.dylib = (CodeSignOnCopy, );
				Frameworks/magick/libtiff.6.dylib = (CodeSignOnCopy, );
				Frameworks/magick/libvmaf.3.dylib = (CodeSignOnCopy, );
				Frameworks/magick/libwebp.7.1.10.dylib = (CodeSignOnCopy, );
				Frameworks/magick/libwebpdemux.2.0.16.dylib = (CodeSignOnCopy, );
				Frameworks/magick/libwebpmux.3.1.1.dylib = (CodeSignOnCopy, );
				Frameworks/magick/libx265.215.dylib = (CodeSignOnCopy, );
				"Frameworks/magick/libxcb-render.0.0.0.dylib" = (CodeSignOnCopy, );
				"Frameworks/magick/libxcb-shm.0.0.0.dylib" = (CodeSignOnCopy, );
				Frameworks/magick/libxcb.1.1.0.dylib = (CodeSignOnCopy, );
				Frameworks/magick/libxdot.4.dylib = (CodeSignOnCopy, );
				Frameworks/magick/libzip.5.5.dylib = (CodeSignOnCopy, );
				Frameworks/magick/libzstd.1.5.7.dylib = (CodeSignOnCopy, );
			};
			buildPhase = C5387F2B2E16EA68006087F0 /* Copy Frameworks */;
			membershipExceptions = (
				Frameworks/libmediainfo.0.dylib,
				Frameworks/libmediainfo.dylib,
				"Frameworks/libSDL2-2.0.0.dylib",
				Frameworks/magick/libaom.3.12.1.dylib,
				Frameworks/magick/libbrotlicommon.1.1.0.dylib,
				Frameworks/magick/libbrotlidec.1.1.0.dylib,
				Frameworks/magick/libbrotlienc.1.1.0.dylib,
				Frameworks/magick/libcairo.2.dylib,
				Frameworks/magick/libcdt.6.dylib,
				Frameworks/magick/libcgraph.7.dylib,
				Frameworks/magick/libde265.0.dylib,
				Frameworks/magick/libdeflate.0.dylib,
				Frameworks/magick/libdjvulibre.21.dylib,
				Frameworks/magick/libfontconfig.1.dylib,
				Frameworks/magick/libfreetype.6.dylib,
				Frameworks/magick/libfribidi.0.dylib,
				"Frameworks/magick/libgio-2.0.0.dylib",
				"Frameworks/magick/libglib-2.0.0.dylib",
				"Frameworks/magick/libgmodule-2.0.0.dylib",
				"Frameworks/magick/libgobject-2.0.0.dylib",
				Frameworks/magick/libgraphite2.3.2.1.dylib,
				Frameworks/magick/libgvc.7.dylib,
				Frameworks/magick/libharfbuzz.0.dylib,
				Frameworks/magick/libheif.1.19.8.dylib,
				Frameworks/magick/libhwy.1.2.0.dylib,
				"Frameworks/magick/libIex-3_3.32.3.3.3.dylib",
				"Frameworks/magick/libIlmThread-3_3.32.3.3.3.dylib",
				"Frameworks/magick/libImath-3_1.29.11.0.dylib",
				Frameworks/magick/libintl.8.dylib,
				Frameworks/magick/libjasper.7.0.0.dylib,
				Frameworks/magick/libjpeg.8.3.2.dylib,
				Frameworks/magick/libjpeg.9.dylib,
				Frameworks/magick/libjxl_cms.0.11.1.dylib,
				Frameworks/magick/libjxl_threads.0.11.1.dylib,
				Frameworks/magick/libjxl.0.11.1.dylib,
				Frameworks/magick/liblcms2.2.dylib,
				Frameworks/magick/libltdl.7.dylib,
				Frameworks/magick/liblzma.5.dylib,
				Frameworks/magick/libomp.dylib,
				"Frameworks/magick/libOpenEXR-3_3.32.3.3.3.dylib",
				"Frameworks/magick/libOpenEXRCore-3_3.32.3.3.3.dylib",
				"Frameworks/magick/libOpenEXRUtil-3_3.32.3.3.3.dylib",
				Frameworks/magick/libopenjp2.2.5.3.dylib,
				"Frameworks/magick/libpango-1.0.0.dylib",
				"Frameworks/magick/libpangocairo-1.0.0.dylib",
				"Frameworks/magick/libpangoft2-1.0.0.dylib",
				Frameworks/magick/libpathplan.4.dylib,
				"Frameworks/magick/libpcre2-8.0.dylib",
				"Frameworks/magick/libpixman-1.0.dylib",
				Frameworks/magick/libpng16.16.dylib,
				Frameworks/magick/libraqm.0.dylib,
				Frameworks/magick/libraw_r.23.dylib,
				Frameworks/magick/libsharpyuv.0.1.1.dylib,
				Frameworks/magick/libtiff.6.dylib,
				Frameworks/magick/libvmaf.3.dylib,
				Frameworks/magick/libwebp.7.1.10.dylib,
				Frameworks/magick/libwebpdemux.2.0.16.dylib,
				Frameworks/magick/libwebpmux.3.1.1.dylib,
				Frameworks/magick/libX11.6.dylib,
				Frameworks/magick/libx265.215.dylib,
				Frameworks/magick/libXau.6.dylib,
				"Frameworks/magick/libxcb-render.0.0.0.dylib",
				"Frameworks/magick/libxcb-shm.0.0.0.dylib",
				Frameworks/magick/libxcb.1.1.0.dylib,
				Frameworks/magick/libXdmcp.6.dylib,
				Frameworks/magick/libxdot.4.dylib,
				Frameworks/magick/libXext.6.dylib,
				Frameworks/magick/libXrender.1.dylib,
				Frameworks/magick/libzip.5.5.dylib,
				Frameworks/magick/libzstd.1.5.7.dylib,
			);
		};
/* End PBXFileSystemSynchronizedGroupBuildPhaseMembershipExceptionSet section */

/* Begin PBXFileSystemSynchronizedRootGroup section */
		85000BC32E0836EB000D312F /* Chameleon */ = {
			isa = PBXFileSystemSynchronizedRootGroup;
			exceptions = (
				85BBD6C82E171D40002F2E52 /* Exceptions for "Chameleon" folder in "Chameleon" target */,
				85BBD6C72E171D35002F2E52 /* Exceptions for "Chameleon" folder in "Copy Frameworks" phase from "Chameleon" target */,
			);
			path = Chameleon;
			sourceTree = "<group>";
		};
		85000BD22E0836EC000D312F /* ChameleonTests */ = {
			isa = PBXFileSystemSynchronizedRootGroup;
			path = ChameleonTests;
			sourceTree = "<group>";
		};
		85000BDC2E0836EC000D312F /* ChameleonUITests */ = {
			isa = PBXFileSystemSynchronizedRootGroup;
			path = ChameleonUITests;
			sourceTree = "<group>";
		};
/* End PBXFileSystemSynchronizedRootGroup section */

/* Begin PBXFrameworksBuildPhase section */
		85000BBE2E0836EB000D312F /* Frameworks */ = {
			isa = PBXFrameworksBuildPhase;
			buildActionMask = 2147483647;
			files = (
				C5383E4D2E166F5D006087F0 /* ActivityIndicatorView in Frameworks */,
				C5383E4A2E166F4D006087F0 /* ProgressIndicatorView in Frameworks */,
			);
			runOnlyForDeploymentPostprocessing = 0;
		};
		85000BCC2E0836EC000D312F /* Frameworks */ = {
			isa = PBXFrameworksBuildPhase;
			buildActionMask = 2147483647;
			files = (
			);
			runOnlyForDeploymentPostprocessing = 0;
		};
		85000BD62E0836EC000D312F /* Frameworks */ = {
			isa = PBXFrameworksBuildPhase;
			buildActionMask = 2147483647;
			files = (
			);
			runOnlyForDeploymentPostprocessing = 0;
		};
/* End PBXFrameworksBuildPhase section */

/* Begin PBXGroup section */
		85000BB82E0836EB000D312F = {
			isa = PBXGroup;
			children = (
				85000BC32E0836EB000D312F /* Chameleon */,
				85000BD22E0836EC000D312F /* ChameleonTests */,
				85000BDC2E0836EC000D312F /* ChameleonUITests */,
				85000BC22E0836EB000D312F /* Products */,
			);
			sourceTree = "<group>";
		};
		85000BC22E0836EB000D312F /* Products */ = {
			isa = PBXGroup;
			children = (
				85000BC12E0836EB000D312F /* Chameleon.app */,
				85000BCF2E0836EC000D312F /* ChameleonTests.xctest */,
				85000BD92E0836EC000D312F /* ChameleonUITests.xctest */,
			);
			name = Products;
			sourceTree = "<group>";
		};
/* End PBXGroup section */

/* Begin PBXNativeTarget section */
		85000BC02E0836EB000D312F /* Chameleon */ = {
			isa = PBXNativeTarget;
			buildConfigurationList = 85000BE32E0836EC000D312F /* Build configuration list for PBXNativeTarget "Chameleon" */;
			buildPhases = (
				85BBC3852E12F474002F2E52 /* Run Script */,
				85000BBD2E0836EB000D312F /* Sources */,
				85000BBE2E0836EB000D312F /* Frameworks */,
				85000BBF2E0836EB000D312F /* Resources */,
				C5387F2B2E16EA68006087F0 /* Copy Frameworks */,
				C5383E4F2E1676E2006087F0 /* SwiftLint */,
			);
			buildRules = (
			);
			dependencies = (
			);
			fileSystemSynchronizedGroups = (
				85000BC32E0836EB000D312F /* Chameleon */,
			);
			name = Chameleon;
			packageProductDependencies = (
				C5383E492E166F4D006087F0 /* ProgressIndicatorView */,
				C5383E4C2E166F5D006087F0 /* ActivityIndicatorView */,
			);
			productName = Chameleon;
			productReference = 85000BC12E0836EB000D312F /* Chameleon.app */;
			productType = "com.apple.product-type.application";
		};
		85000BCE2E0836EC000D312F /* ChameleonTests */ = {
			isa = PBXNativeTarget;
			buildConfigurationList = 85000BE62E0836EC000D312F /* Build configuration list for PBXNativeTarget "ChameleonTests" */;
			buildPhases = (
				85000BCB2E0836EC000D312F /* Sources */,
				85000BCC2E0836EC000D312F /* Frameworks */,
				85000BCD2E0836EC000D312F /* Resources */,
			);
			buildRules = (
			);
			dependencies = (
				85000BD12E0836EC000D312F /* PBXTargetDependency */,
			);
			fileSystemSynchronizedGroups = (
				85000BD22E0836EC000D312F /* ChameleonTests */,
			);
			name = ChameleonTests;
			packageProductDependencies = (
			);
			productName = ChameleonTests;
			productReference = 85000BCF2E0836EC000D312F /* ChameleonTests.xctest */;
			productType = "com.apple.product-type.bundle.unit-test";
		};
		85000BD82E0836EC000D312F /* ChameleonUITests */ = {
			isa = PBXNativeTarget;
			buildConfigurationList = 85000BE92E0836EC000D312F /* Build configuration list for PBXNativeTarget "ChameleonUITests" */;
			buildPhases = (
				85000BD52E0836EC000D312F /* Sources */,
				85000BD62E0836EC000D312F /* Frameworks */,
				85000BD72E0836EC000D312F /* Resources */,
			);
			buildRules = (
			);
			dependencies = (
				85000BDB2E0836EC000D312F /* PBXTargetDependency */,
			);
			fileSystemSynchronizedGroups = (
				85000BDC2E0836EC000D312F /* ChameleonUITests */,
			);
			name = ChameleonUITests;
			packageProductDependencies = (
			);
			productName = ChameleonUITests;
			productReference = 85000BD92E0836EC000D312F /* ChameleonUITests.xctest */;
			productType = "com.apple.product-type.bundle.ui-testing";
		};
/* End PBXNativeTarget section */

/* Begin PBXProject section */
		85000BB92E0836EB000D312F /* Project object */ = {
			isa = PBXProject;
			attributes = {
				BuildIndependentTargetsInParallel = 1;
				LastSwiftUpdateCheck = 1640;
				LastUpgradeCheck = 1640;
				TargetAttributes = {
					85000BC02E0836EB000D312F = {
						CreatedOnToolsVersion = 16.4;
					};
					85000BCE2E0836EC000D312F = {
						CreatedOnToolsVersion = 16.4;
						TestTargetID = 85000BC02E0836EB000D312F;
					};
					85000BD82E0836EC000D312F = {
						CreatedOnToolsVersion = 16.4;
						TestTargetID = 85000BC02E0836EB000D312F;
					};
				};
			};
			buildConfigurationList = 85000BBC2E0836EB000D312F /* Build configuration list for PBXProject "Chameleon" */;
			developmentRegion = en;
			hasScannedForEncodings = 0;
			knownRegions = (
				en,
				Base,
			);
			mainGroup = 85000BB82E0836EB000D312F;
			minimizedProjectReferenceProxies = 1;
			packageReferences = (
				C5383E482E166F4D006087F0 /* XCRemoteSwiftPackageReference "ProgressIndicatorView" */,
				C5383E4B2E166F5D006087F0 /* XCRemoteSwiftPackageReference "ActivityIndicatorView" */,
				C5383E4E2E167515006087F0 /* XCRemoteSwiftPackageReference "SwiftLintPlugins" */,
			);
			preferredProjectObjectVersion = 77;
			productRefGroup = 85000BC22E0836EB000D312F /* Products */;
			projectDirPath = "";
			projectRoot = "";
			targets = (
				85000BC02E0836EB000D312F /* Chameleon */,
				85000BCE2E0836EC000D312F /* ChameleonTests */,
				85000BD82E0836EC000D312F /* ChameleonUITests */,
			);
		};
/* End PBXProject section */

/* Begin PBXResourcesBuildPhase section */
		85000BBF2E0836EB000D312F /* Resources */ = {
			isa = PBXResourcesBuildPhase;
			buildActionMask = 2147483647;
			files = (
			);
			runOnlyForDeploymentPostprocessing = 0;
		};
		85000BCD2E0836EC000D312F /* Resources */ = {
			isa = PBXResourcesBuildPhase;
			buildActionMask = 2147483647;
			files = (
			);
			runOnlyForDeploymentPostprocessing = 0;
		};
		85000BD72E0836EC000D312F /* Resources */ = {
			isa = PBXResourcesBuildPhase;
			buildActionMask = 2147483647;
			files = (
			);
			runOnlyForDeploymentPostprocessing = 0;
		};
/* End PBXResourcesBuildPhase section */

/* Begin PBXShellScriptBuildPhase section */
		85BBC3852E12F474002F2E52 /* Run Script */ = {
			isa = PBXShellScriptBuildPhase;
			alwaysOutOfDate = 1;
			buildActionMask = 2147483647;
			files = (
			);
			inputFileListPaths = (
			);
			inputPaths = (
			);
			name = "Run Script";
			outputFileListPaths = (
			);
			outputPaths = (
			);
			runOnlyForDeploymentPostprocessing = 0;
			shellPath = /bin/sh;
			shellScript = "INFO_PLIST=\"${BUILT_PRODUCTS_DIR}/${INFOPLIST_PATH}\"\n\n# Get the total number of commits from the current git branch.\nCOMMIT_COUNT=$(git rev-list --count HEAD)\n\n# Update the build number (CFBundleVersion) in the Info.plist file.\n/usr/libexec/PlistBuddy -c \"Set :CFBundleVersion ${COMMIT_COUNT}\" \"${INFO_PLIST}\"\n\necho \"Updated build number to ${COMMIT_COUNT}\"\n";
		};
		C5383E4F2E1676E2006087F0 /* SwiftLint */ = {
			isa = PBXShellScriptBuildPhase;
			alwaysOutOfDate = 1;
			buildActionMask = 2147483647;
			files = (
			);
			inputFileListPaths = (
			);
			inputPaths = (
				"$(SRCROOT)/.swiftlint.yml",
				"$(SRCROOT)/Chameleon",
				"$(SRCROOT)/ChameleonTests",
				"$(SRCROOT)/ChameleonUITests",
			);
			name = SwiftLint;
			outputFileListPaths = (
			);
			outputPaths = (
			);
			runOnlyForDeploymentPostprocessing = 0;
			shellPath = /bin/sh;
			shellScript = "export PATH=\"$PATH:/opt/homebrew/bin\"\nif which swiftlint >/dev/null; then\nswiftlint\nelse\necho \"warning: SwiftLint not installed, download from https://github.com/realm/SwiftLint\"\nfi\n";
		};
/* End PBXShellScriptBuildPhase section */

/* Begin PBXSourcesBuildPhase section */
		85000BBD2E0836EB000D312F /* Sources */ = {
			isa = PBXSourcesBuildPhase;
			buildActionMask = 2147483647;
			files = (
			);
			runOnlyForDeploymentPostprocessing = 0;
		};
		85000BCB2E0836EC000D312F /* Sources */ = {
			isa = PBXSourcesBuildPhase;
			buildActionMask = 2147483647;
			files = (
			);
			runOnlyForDeploymentPostprocessing = 0;
		};
		85000BD52E0836EC000D312F /* Sources */ = {
			isa = PBXSourcesBuildPhase;
			buildActionMask = 2147483647;
			files = (
			);
			runOnlyForDeploymentPostprocessing = 0;
		};
/* End PBXSourcesBuildPhase section */

/* Begin PBXTargetDependency section */
		85000BD12E0836EC000D312F /* PBXTargetDependency */ = {
			isa = PBXTargetDependency;
			target = 85000BC02E0836EB000D312F /* Chameleon */;
			targetProxy = 85000BD02E0836EC000D312F /* PBXContainerItemProxy */;
		};
		85000BDB2E0836EC000D312F /* PBXTargetDependency */ = {
			isa = PBXTargetDependency;
			target = 85000BC02E0836EB000D312F /* Chameleon */;
			targetProxy = 85000BDA2E0836EC000D312F /* PBXContainerItemProxy */;
		};
/* End PBXTargetDependency section */

/* Begin XCBuildConfiguration section */
		85000BE12E0836EC000D312F /* Debug */ = {
			isa = XCBuildConfiguration;
			buildSettings = {
				ALWAYS_SEARCH_USER_PATHS = NO;
				ASSETCATALOG_COMPILER_GENERATE_SWIFT_ASSET_SYMBOL_EXTENSIONS = YES;
				CLANG_ANALYZER_NONNULL = YES;
				CLANG_ANALYZER_NUMBER_OBJECT_CONVERSION = YES_AGGRESSIVE;
				CLANG_CXX_LANGUAGE_STANDARD = "gnu++20";
				CLANG_ENABLE_MODULES = YES;
				CLANG_ENABLE_OBJC_ARC = YES;
				CLANG_ENABLE_OBJC_WEAK = YES;
				CLANG_WARN_BLOCK_CAPTURE_AUTORELEASING = YES;
				CLANG_WARN_BOOL_CONVERSION = YES;
				CLANG_WARN_COMMA = YES;
				CLANG_WARN_CONSTANT_CONVERSION = YES;
				CLANG_WARN_DEPRECATED_OBJC_IMPLEMENTATIONS = YES;
				CLANG_WARN_DIRECT_OBJC_ISA_USAGE = YES_ERROR;
				CLANG_WARN_DOCUMENTATION_COMMENTS = YES;
				CLANG_WARN_EMPTY_BODY = YES;
				CLANG_WARN_ENUM_CONVERSION = YES;
				CLANG_WARN_INFINITE_RECURSION = YES;
				CLANG_WARN_INT_CONVERSION = YES;
				CLANG_WARN_NON_LITERAL_NULL_CONVERSION = YES;
				CLANG_WARN_OBJC_IMPLICIT_RETAIN_SELF = YES;
				CLANG_WARN_OBJC_LITERAL_CONVERSION = YES;
				CLANG_WARN_OBJC_ROOT_CLASS = YES_ERROR;
				CLANG_WARN_QUOTED_INCLUDE_IN_FRAMEWORK_HEADER = YES;
				CLANG_WARN_RANGE_LOOP_ANALYSIS = YES;
				CLANG_WARN_STRICT_PROTOTYPES = YES;
				CLANG_WARN_SUSPICIOUS_MOVE = YES;
				CLANG_WARN_UNGUARDED_AVAILABILITY = YES_AGGRESSIVE;
				CLANG_WARN_UNREACHABLE_CODE = YES;
				CLANG_WARN__DUPLICATE_METHOD_MATCH = YES;
				COPY_PHASE_STRIP = NO;
				DEBUG_INFORMATION_FORMAT = dwarf;
				ENABLE_STRICT_OBJC_MSGSEND = YES;
				ENABLE_TESTABILITY = YES;
				ENABLE_USER_SCRIPT_SANDBOXING = YES;
				GCC_C_LANGUAGE_STANDARD = gnu17;
				GCC_DYNAMIC_NO_PIC = NO;
				GCC_NO_COMMON_BLOCKS = YES;
				GCC_OPTIMIZATION_LEVEL = 0;
				GCC_PREPROCESSOR_DEFINITIONS = (
					"DEBUG=1",
					"$(inherited)",
				);
				GCC_WARN_64_TO_32_BIT_CONVERSION = YES;
				GCC_WARN_ABOUT_RETURN_TYPE = YES_ERROR;
				GCC_WARN_UNDECLARED_SELECTOR = YES;
				GCC_WARN_UNINITIALIZED_AUTOS = YES_AGGRESSIVE;
				GCC_WARN_UNUSED_FUNCTION = YES;
				GCC_WARN_UNUSED_VARIABLE = YES;
				LOCALIZATION_PREFERS_STRING_CATALOGS = YES;
				MACOSX_DEPLOYMENT_TARGET = 14.6;
				MTL_ENABLE_DEBUG_INFO = INCLUDE_SOURCE;
				MTL_FAST_MATH = YES;
				ONLY_ACTIVE_ARCH = YES;
				SDKROOT = macosx;
				SWIFT_ACTIVE_COMPILATION_CONDITIONS = "DEBUG $(inherited)";
				SWIFT_OPTIMIZATION_LEVEL = "-Onone";
			};
			name = Debug;
		};
		85000BE22E0836EC000D312F /* Release */ = {
			isa = XCBuildConfiguration;
			buildSettings = {
				ALWAYS_SEARCH_USER_PATHS = NO;
				ASSETCATALOG_COMPILER_GENERATE_SWIFT_ASSET_SYMBOL_EXTENSIONS = YES;
				CLANG_ANALYZER_NONNULL = YES;
				CLANG_ANALYZER_NUMBER_OBJECT_CONVERSION = YES_AGGRESSIVE;
				CLANG_CXX_LANGUAGE_STANDARD = "gnu++20";
				CLANG_ENABLE_MODULES = YES;
				CLANG_ENABLE_OBJC_ARC = YES;
				CLANG_ENABLE_OBJC_WEAK = YES;
				CLANG_WARN_BLOCK_CAPTURE_AUTORELEASING = YES;
				CLANG_WARN_BOOL_CONVERSION = YES;
				CLANG_WARN_COMMA = YES;
				CLANG_WARN_CONSTANT_CONVERSION = YES;
				CLANG_WARN_DEPRECATED_OBJC_IMPLEMENTATIONS = YES;
				CLANG_WARN_DIRECT_OBJC_ISA_USAGE = YES_ERROR;
				CLANG_WARN_DOCUMENTATION_COMMENTS = YES;
				CLANG_WARN_EMPTY_BODY = YES;
				CLANG_WARN_ENUM_CONVERSION = YES;
				CLANG_WARN_INFINITE_RECURSION = YES;
				CLANG_WARN_INT_CONVERSION = YES;
				CLANG_WARN_NON_LITERAL_NULL_CONVERSION = YES;
				CLANG_WARN_OBJC_IMPLICIT_RETAIN_SELF = YES;
				CLANG_WARN_OBJC_LITERAL_CONVERSION = YES;
				CLANG_WARN_OBJC_ROOT_CLASS = YES_ERROR;
				CLANG_WARN_QUOTED_INCLUDE_IN_FRAMEWORK_HEADER = YES;
				CLANG_WARN_RANGE_LOOP_ANALYSIS = YES;
				CLANG_WARN_STRICT_PROTOTYPES = YES;
				CLANG_WARN_SUSPICIOUS_MOVE = YES;
				CLANG_WARN_UNGUARDED_AVAILABILITY = YES_AGGRESSIVE;
				CLANG_WARN_UNREACHABLE_CODE = YES;
				CLANG_WARN__DUPLICATE_METHOD_MATCH = YES;
				COPY_PHASE_STRIP = NO;
				DEBUG_INFORMATION_FORMAT = "dwarf-with-dsym";
				ENABLE_NS_ASSERTIONS = NO;
				ENABLE_STRICT_OBJC_MSGSEND = YES;
				ENABLE_USER_SCRIPT_SANDBOXING = YES;
				GCC_C_LANGUAGE_STANDARD = gnu17;
				GCC_NO_COMMON_BLOCKS = YES;
				GCC_WARN_64_TO_32_BIT_CONVERSION = YES;
				GCC_WARN_ABOUT_RETURN_TYPE = YES_ERROR;
				GCC_WARN_UNDECLARED_SELECTOR = YES;
				GCC_WARN_UNINITIALIZED_AUTOS = YES_AGGRESSIVE;
				GCC_WARN_UNUSED_FUNCTION = YES;
				GCC_WARN_UNUSED_VARIABLE = YES;
				LOCALIZATION_PREFERS_STRING_CATALOGS = YES;
				MACOSX_DEPLOYMENT_TARGET = 14.6;
				MTL_ENABLE_DEBUG_INFO = NO;
				MTL_FAST_MATH = YES;
				SDKROOT = macosx;
				SWIFT_COMPILATION_MODE = wholemodule;
			};
			name = Release;
		};
		85000BE42E0836EC000D312F /* Debug */ = {
			isa = XCBuildConfiguration;
			buildSettings = {
				ASSETCATALOG_COMPILER_APPICON_NAME = AppIcon;
				ASSETCATALOG_COMPILER_GLOBAL_ACCENT_COLOR_NAME = AccentColor;
				CODE_SIGN_ENTITLEMENTS = Chameleon/Chameleon.entitlements;
				CODE_SIGN_STYLE = Automatic;
				COMBINE_HIDPI_IMAGES = YES;
				CURRENT_PROJECT_VERSION = 8;
				DEVELOPMENT_TEAM = J742TPJFF2;
				ENABLE_HARDENED_RUNTIME = YES;
				ENABLE_PREVIEWS = YES;
				ENABLE_USER_SCRIPT_SANDBOXING = YES;
				GENERATE_INFOPLIST_FILE = YES;
				INFOPLIST_KEY_LSApplicationCategoryType = "public.app-category.utilities";
				INFOPLIST_KEY_NSHumanReadableCopyright = "";
				LD_RUNPATH_SEARCH_PATHS = (
					"$(inherited)",
					"@executable_path/../Frameworks",
				);
				LIBRARY_SEARCH_PATHS = (
					"$(inherited)",
					"$(PROJECT_DIR)/Chameleon/Frameworks",
					"$(PROJECT_DIR)/Chameleon/Frameworks/magick",
				);
				MACOSX_DEPLOYMENT_TARGET = 14.6;
				MARKETING_VERSION = 0.5;
				PRODUCT_BUNDLE_IDENTIFIER = com.ybbuc.Chameleon;
				PRODUCT_NAME = "$(TARGET_NAME)";
				REGISTER_APP_GROUPS = YES;
				SWIFT_EMIT_LOC_STRINGS = YES;
				SWIFT_VERSION = 5.0;
				VERSIONING_SYSTEM = "apple-generic";
			};
			name = Debug;
		};
		85000BE52E0836EC000D312F /* Release */ = {
			isa = XCBuildConfiguration;
			buildSettings = {
				ASSETCATALOG_COMPILER_APPICON_NAME = AppIcon;
				ASSETCATALOG_COMPILER_GLOBAL_ACCENT_COLOR_NAME = AccentColor;
				CODE_SIGN_ENTITLEMENTS = Chameleon/Chameleon.entitlements;
				CODE_SIGN_STYLE = Automatic;
				COMBINE_HIDPI_IMAGES = YES;
				CURRENT_PROJECT_VERSION = 8;
				DEVELOPMENT_TEAM = J742TPJFF2;
				ENABLE_HARDENED_RUNTIME = YES;
				ENABLE_PREVIEWS = YES;
				ENABLE_USER_SCRIPT_SANDBOXING = YES;
				GENERATE_INFOPLIST_FILE = YES;
				INFOPLIST_KEY_LSApplicationCategoryType = "public.app-category.utilities";
				INFOPLIST_KEY_NSHumanReadableCopyright = "";
				LD_RUNPATH_SEARCH_PATHS = (
					"$(inherited)",
					"@executable_path/../Frameworks",
				);
				LIBRARY_SEARCH_PATHS = (
					"$(inherited)",
					"$(PROJECT_DIR)/Chameleon/Frameworks",
					"$(PROJECT_DIR)/Chameleon/Frameworks/magick",
				);
				MACOSX_DEPLOYMENT_TARGET = 14.6;
				MARKETING_VERSION = 0.5;
				PRODUCT_BUNDLE_IDENTIFIER = com.ybbuc.Chameleon;
				PRODUCT_NAME = "$(TARGET_NAME)";
				REGISTER_APP_GROUPS = YES;
				SWIFT_EMIT_LOC_STRINGS = YES;
				SWIFT_VERSION = 5.0;
				VERSIONING_SYSTEM = "apple-generic";
			};
			name = Release;
		};
		85000BE72E0836EC000D312F /* Debug */ = {
			isa = XCBuildConfiguration;
			buildSettings = {
				BUNDLE_LOADER = "$(TEST_HOST)";
				CODE_SIGN_STYLE = Automatic;
				CURRENT_PROJECT_VERSION = 1;
				GENERATE_INFOPLIST_FILE = YES;
				MACOSX_DEPLOYMENT_TARGET = 14.6;
				MARKETING_VERSION = 1.0;
				PRODUCT_BUNDLE_IDENTIFIER = com.ybbuc.ChameleonTests;
				PRODUCT_NAME = "$(TARGET_NAME)";
				SWIFT_EMIT_LOC_STRINGS = NO;
				SWIFT_VERSION = 5.0;
				TEST_HOST = "$(BUILT_PRODUCTS_DIR)/Chameleon.app/$(BUNDLE_EXECUTABLE_FOLDER_PATH)/Chameleon";
			};
			name = Debug;
		};
		85000BE82E0836EC000D312F /* Release */ = {
			isa = XCBuildConfiguration;
			buildSettings = {
				BUNDLE_LOADER = "$(TEST_HOST)";
				CODE_SIGN_STYLE = Automatic;
				CURRENT_PROJECT_VERSION = 1;
				GENERATE_INFOPLIST_FILE = YES;
				MACOSX_DEPLOYMENT_TARGET = 14.6;
				MARKETING_VERSION = 1.0;
				PRODUCT_BUNDLE_IDENTIFIER = com.ybbuc.ChameleonTests;
				PRODUCT_NAME = "$(TARGET_NAME)";
				SWIFT_EMIT_LOC_STRINGS = NO;
				SWIFT_VERSION = 5.0;
				TEST_HOST = "$(BUILT_PRODUCTS_DIR)/Chameleon.app/$(BUNDLE_EXECUTABLE_FOLDER_PATH)/Chameleon";
			};
			name = Release;
		};
		85000BEA2E0836EC000D312F /* Debug */ = {
			isa = XCBuildConfiguration;
			buildSettings = {
				CODE_SIGN_STYLE = Automatic;
				CURRENT_PROJECT_VERSION = 1;
				GENERATE_INFOPLIST_FILE = YES;
				MARKETING_VERSION = 1.0;
				PRODUCT_BUNDLE_IDENTIFIER = com.ybbuc.ChameleonUITests;
				PRODUCT_NAME = "$(TARGET_NAME)";
				SWIFT_EMIT_LOC_STRINGS = NO;
				SWIFT_VERSION = 5.0;
				TEST_TARGET_NAME = Chameleon;
			};
			name = Debug;
		};
		85000BEB2E0836EC000D312F /* Release */ = {
			isa = XCBuildConfiguration;
			buildSettings = {
				CODE_SIGN_STYLE = Automatic;
				CURRENT_PROJECT_VERSION = 1;
				GENERATE_INFOPLIST_FILE = YES;
				MARKETING_VERSION = 1.0;
				PRODUCT_BUNDLE_IDENTIFIER = com.ybbuc.ChameleonUITests;
				PRODUCT_NAME = "$(TARGET_NAME)";
				SWIFT_EMIT_LOC_STRINGS = NO;
				SWIFT_VERSION = 5.0;
				TEST_TARGET_NAME = Chameleon;
			};
			name = Release;
		};
/* End XCBuildConfiguration section */

/* Begin XCConfigurationList section */
		85000BBC2E0836EB000D312F /* Build configuration list for PBXProject "Chameleon" */ = {
			isa = XCConfigurationList;
			buildConfigurations = (
				85000BE12E0836EC000D312F /* Debug */,
				85000BE22E0836EC000D312F /* Release */,
			);
			defaultConfigurationIsVisible = 0;
			defaultConfigurationName = Debug;
		};
		85000BE32E0836EC000D312F /* Build configuration list for PBXNativeTarget "Chameleon" */ = {
			isa = XCConfigurationList;
			buildConfigurations = (
				85000BE42E0836EC000D312F /* Debug */,
				85000BE52E0836EC000D312F /* Release */,
			);
			defaultConfigurationIsVisible = 0;
			defaultConfigurationName = Debug;
		};
		85000BE62E0836EC000D312F /* Build configuration list for PBXNativeTarget "ChameleonTests" */ = {
			isa = XCConfigurationList;
			buildConfigurations = (
				85000BE72E0836EC000D312F /* Debug */,
				85000BE82E0836EC000D312F /* Release */,
			);
			defaultConfigurationIsVisible = 0;
			defaultConfigurationName = Debug;
		};
		85000BE92E0836EC000D312F /* Build configuration list for PBXNativeTarget "ChameleonUITests" */ = {
			isa = XCConfigurationList;
			buildConfigurations = (
				85000BEA2E0836EC000D312F /* Debug */,
				85000BEB2E0836EC000D312F /* Release */,
			);
			defaultConfigurationIsVisible = 0;
			defaultConfigurationName = Debug;
		};
/* End XCConfigurationList section */

/* Begin XCRemoteSwiftPackageReference section */
		C5383E482E166F4D006087F0 /* XCRemoteSwiftPackageReference "ProgressIndicatorView" */ = {
			isa = XCRemoteSwiftPackageReference;
			repositoryURL = "https://github.com/exyte/ProgressIndicatorView.git";
			requirement = {
				kind = upToNextMajorVersion;
				minimumVersion = 1.1.0;
			};
		};
		C5383E4B2E166F5D006087F0 /* XCRemoteSwiftPackageReference "ActivityIndicatorView" */ = {
			isa = XCRemoteSwiftPackageReference;
			repositoryURL = "https://github.com/exyte/ActivityIndicatorView.git";
			requirement = {
				kind = upToNextMajorVersion;
				minimumVersion = 1.2.1;
			};
		};
		C5383E4E2E167515006087F0 /* XCRemoteSwiftPackageReference "SwiftLintPlugins" */ = {
			isa = XCRemoteSwiftPackageReference;
			repositoryURL = "https://github.com/SimplyDanny/SwiftLintPlugins";
			requirement = {
				kind = upToNextMajorVersion;
				minimumVersion = 0.59.1;
			};
		};
/* End XCRemoteSwiftPackageReference section */

/* Begin XCSwiftPackageProductDependency section */
		C5383E492E166F4D006087F0 /* ProgressIndicatorView */ = {
			isa = XCSwiftPackageProductDependency;
			package = C5383E482E166F4D006087F0 /* XCRemoteSwiftPackageReference "ProgressIndicatorView" */;
			productName = ProgressIndicatorView;
		};
		C5383E4C2E166F5D006087F0 /* ActivityIndicatorView */ = {
			isa = XCSwiftPackageProductDependency;
			package = C5383E4B2E166F5D006087F0 /* XCRemoteSwiftPackageReference "ActivityIndicatorView" */;
			productName = ActivityIndicatorView;
		};
/* End XCSwiftPackageProductDependency section */
	};
	rootObject = 85000BB92E0836EB000D312F /* Project object */;
}
